
Microsoft Visual Studio Solution File, Format Version 12.00
# Visual Studio Version 16
VisualStudioVersion = 16.0.30413.136
MinimumVisualStudioVersion = 10.0.40219.1
Project("{FAE04EC0-301F-11D3-BF4B-00C04F79EFBC}") = "Week2", "Week2\Week2.csproj", "{5B35B211-67FF-4493-906A-3E19F25AE02E}"
EndProject
Global
	GlobalSection(SolutionConfigurationPlatforms) = preSolution
		Debug|Any CPU = Debug|Any CPU
		Release|Any CPU = Release|Any CPU
	EndGlobalSection
	GlobalSection(ProjectConfigurationPlatforms) = postSolution
		{5B35B211-67FF-4493-906A-3E19F25AE02E}.Debug|Any CPU.ActiveCfg = Debug|Any CPU
		{5B35B211-67FF-4493-906A-3E19F25AE02E}.Debug|Any CPU.Build.0 = Debug|Any CPU
		{5B35B211-67FF-4493-906A-3E19F25AE02E}.Release|Any CPU.ActiveCfg = Release|Any CPU
		{5B35B211-67FF-4493-906A-3E19F25AE02E}.Release|Any CPU.Build.0 = Release|Any CPU
	EndGlobalSection
	GlobalSection(SolutionProperties) = preSolution
		HideSolutionNode = FALSE
	EndGlobalSection
	GlobalSection(ExtensibilityGlobals) = postSolution
		SolutionGuid = {E53F91E9-B839-431B-82A6-29B6E9DC5851}
	EndGlobalSection
EndGlobal
